
Microsoft Visual Studio Solution File, Format Version 12.00
# Visual Studio Version 17
VisualStudioVersion = 17.0.31903.59
MinimumVisualStudioVersion = 10.0.40219.1
Project("{2150E333-8FDC-42A3-9474-1A3956D46DE8}") = "src", "src", "{827E0CD3-B72D-47B6-A68D-7590B98EB39B}"
EndProject
Project("{FAE04EC0-301F-11D3-BF4B-00C04F79EFBC}") = "CSweet.AI", "src\CSweet.AI\CSweet.AI.csproj", "{F59F1F1E-32ED-42A7-9544-B1B7FB02424C}"
EndProject
Project("{FAE04EC0-301F-11D3-BF4B-00C04F79EFBC}") = "CSweet.Application", "src\CSweet.Application\CSweet.Application.csproj", "{508AD5D7-54A0-4943-B7F4-2E68970F8EC8}"
EndProject
Project("{FAE04EC0-301F-11D3-BF4B-00C04F79EFBC}") = "CSweet.Domain", "src\CSweet.Domain\CSweet.Domain.csproj", "{084FF857-8A38-4BF3-82E4-309F5B9B27EE}"
EndProject
Project("{FAE04EC0-301F-11D3-BF4B-00C04F79EFBC}") = "CSweet.Contracts", "src\CSweet.Contracts\CSweet.Contracts.csproj", "{6DFD1659-ACA8-4BB6-AD24-F35E3DD13C23}"
EndProject
Project("{FAE04EC0-301F-11D3-BF4B-00C04F79EFBC}") = "CSweet.Api", "src\CSweet.Api\CSweet.Api.csproj", "{2C15524C-92E8-46D4-A4E8-AC06F44E8D5A}"
EndProject
Project("{FAE04EC0-301F-11D3-BF4B-00C04F79EFBC}") = "CSweet.Infrastructure", "src\CSweet.Infrastructure\CSweet.Infrastructure.csproj", "{0356DBDF-8850-4CA8-B475-2405E758FD01}"
EndProject
Project("{FAE04EC0-301F-11D3-BF4B-00C04F79EFBC}") = "CSweet.ServiceDefaults", "src\CSweet.ServiceDefaults\CSweet.ServiceDefaults.csproj", "{0533AAA4-862E-4839-A897-3CA8B189030A}"
EndProject
Project("{FAE04EC0-301F-11D3-BF4B-00C04F79EFBC}") = "CSweet.App", "src\CSweet.App\CSweet.App.csproj", "{A6309D84-7AB1-4FBB-AAE1-98E4AAC3B698}"
EndProject
Project("{FAE04EC0-301F-11D3-BF4B-00C04F79EFBC}") = "CSweet.AppHost", "src\CSweet.AppHost\CSweet.AppHost.csproj", "{EB03893B-681A-4B8B-815A-1BD7F0FCF45F}"
EndProject
Project("{FAE04EC0-301F-11D3-BF4B-00C04F79EFBC}") = "CSweet.WorkerHost", "src\CSweet.WorkerHost\CSweet.WorkerHost.csproj", "{EEDF3B19-8F86-4F1B-A1BB-C5496D41BF41}"
EndProject
Project("{2150E333-8FDC-42A3-9474-1A3956D46DE8}") = "tests", "tests", "{0AB3BF05-4346-4AA6-1389-037BE0695223}"
EndProject
Project("{FAE04EC0-301F-11D3-BF4B-00C04F79EFBC}") = "CSweet.IntegrationTests", "tests\CSweet.IntegrationTests\CSweet.IntegrationTests.csproj", "{17BC537D-53D6-41CE-8F25-98C687CDC743}"
EndProject
Project("{FAE04EC0-301F-11D3-BF4B-00C04F79EFBC}") = "CSweet.UnitTests", "tests\CSweet.UnitTests\CSweet.UnitTests.csproj", "{58F065EC-9050-4755-B14D-B2FEAD2F7426}"
EndProject
Project("{FAE04EC0-301F-11D3-BF4B-00C04F79EFBC}") = "CSweet.Migrator", "src\CSweet.Migrator\CSweet.Migrator.csproj", "{B53F521B-B477-4232-A496-CC1DFD2D48ED}"
EndProject
Project("{FAE04EC0-301F-11D3-BF4B-00C04F79EFBC}") = "CSweet.UI", "src\CSweet.UI\CSweet.UI.csproj", "{C97C13DA-AA31-4A14-8202-3A2281DEF861}"
EndProject
Project("{FAE04EC0-301F-11D3-BF4B-00C04F79EFBC}") = "CSweet.Maui", "src\CSweet.Maui\CSweet.Maui.csproj", "{5754EF16-1760-4B68-9FD9-D226BDAC1B65}"
EndProject
Project("{FAE04EC0-301F-11D3-BF4B-00C04F79EFBC}") = "CSweet.Communications.Abstractions", "src\CSweet.Communications.Abstractions\CSweet.Communications.Abstractions.csproj", "{2618E6E4-5700-41BA-B2D8-C712549FD5BA}"
EndProject
Project("{FAE04EC0-301F-11D3-BF4B-00C04F79EFBC}") = "CSweet.Plugin.SDK", "src\CSweet.Plugin.SDK\CSweet.Plugin.SDK.csproj", "{7A15C886-55D2-4D94-8E63-2B818D4AF945}"
EndProject
Global
	GlobalSection(SolutionConfigurationPlatforms) = preSolution
		Debug|Any CPU = Debug|Any CPU
		Debug|x64 = Debug|x64
		Debug|x86 = Debug|x86
		Release|Any CPU = Release|Any CPU
		Release|x64 = Release|x64
		Release|x86 = Release|x86
	EndGlobalSection
	GlobalSection(ProjectConfigurationPlatforms) = postSolution
		{F59F1F1E-32ED-42A7-9544-B1B7FB02424C}.Debug|Any CPU.ActiveCfg = Debug|Any CPU
		{F59F1F1E-32ED-42A7-9544-B1B7FB02424C}.Debug|Any CPU.Build.0 = Debug|Any CPU
		{F59F1F1E-32ED-42A7-9544-B1B7FB02424C}.Debug|x64.ActiveCfg = Debug|Any CPU
		{F59F1F1E-32ED-42A7-9544-B1B7FB02424C}.Debug|x64.Build.0 = Debug|Any CPU
		{F59F1F1E-32ED-42A7-9544-B1B7FB02424C}.Debug|x86.ActiveCfg = Debug|Any CPU
		{F59F1F1E-32ED-42A7-9544-B1B7FB02424C}.Debug|x86.Build.0 = Debug|Any CPU
		{F59F1F1E-32ED-42A7-9544-B1B7FB02424C}.Release|Any CPU.ActiveCfg = Release|Any CPU
		{F59F1F1E-32ED-42A7-9544-B1B7FB02424C}.Release|Any CPU.Build.0 = Release|Any CPU
		{F59F1F1E-32ED-42A7-9544-B1B7FB02424C}.Release|x64.ActiveCfg = Release|Any CPU
		{F59F1F1E-32ED-42A7-9544-B1B7FB02424C}.Release|x64.Build.0 = Release|Any CPU
		{F59F1F1E-32ED-42A7-9544-B1B7FB02424C}.Release|x86.ActiveCfg = Release|Any CPU
		{F59F1F1E-32ED-42A7-9544-B1B7FB02424C}.Release|x86.Build.0 = Release|Any CPU
		{508AD5D7-54A0-4943-B7F4-2E68970F8EC8}.Debug|Any CPU.ActiveCfg = Debug|Any CPU
		{508AD5D7-54A0-4943-B7F4-2E68970F8EC8}.Debug|Any CPU.Build.0 = Debug|Any CPU
		{508AD5D7-54A0-4943-B7F4-2E68970F8EC8}.Debug|x64.ActiveCfg = Debug|Any CPU
		{508AD5D7-54A0-4943-B7F4-2E68970F8EC8}.Debug|x64.Build.0 = Debug|Any CPU
		{508AD5D7-54A0-4943-B7F4-2E68970F8EC8}.Debug|x86.ActiveCfg = Debug|Any CPU
		{508AD5D7-54A0-4943-B7F4-2E68970F8EC8}.Debug|x86.Build.0 = Debug|Any CPU
		{508AD5D7-54A0-4943-B7F4-2E68970F8EC8}.Release|Any CPU.ActiveCfg = Release|Any CPU
		{508AD5D7-54A0-4943-B7F4-2E68970F8EC8}.Release|Any CPU.Build.0 = Release|Any CPU
		{508AD5D7-54A0-4943-B7F4-2E68970F8EC8}.Release|x64.ActiveCfg = Release|Any CPU
		{508AD5D7-54A0-4943-B7F4-2E68970F8EC8}.Release|x64.Build.0 = Release|Any CPU
		{508AD5D7-54A0-4943-B7F4-2E68970F8EC8}.Release|x86.ActiveCfg = Release|Any CPU
		{508AD5D7-54A0-4943-B7F4-2E68970F8EC8}.Release|x86.Build.0 = Release|Any CPU
		{084FF857-8A38-4BF3-82E4-309F5B9B27EE}.Debug|Any CPU.ActiveCfg = Debug|Any CPU
		{084FF857-8A38-4BF3-82E4-309F5B9B27EE}.Debug|Any CPU.Build.0 = Debug|Any CPU
		{084FF857-8A38-4BF3-82E4-309F5B9B27EE}.Debug|x64.ActiveCfg = Debug|Any CPU
		{084FF857-8A38-4BF3-82E4-309F5B9B27EE}.Debug|x64.Build.0 = Debug|Any CPU
		{084FF857-8A38-4BF3-82E4-309F5B9B27EE}.Debug|x86.ActiveCfg = Debug|Any CPU
		{084FF857-8A38-4BF3-82E4-309F5B9B27EE}.Debug|x86.Build.0 = Debug|Any CPU
		{084FF857-8A38-4BF3-82E4-309F5B9B27EE}.Release|Any CPU.ActiveCfg = Release|Any CPU
		{084FF857-8A38-4BF3-82E4-309F5B9B27EE}.Release|Any CPU.Build.0 = Release|Any CPU
		{084FF857-8A38-4BF3-82E4-309F5B9B27EE}.Release|x64.ActiveCfg = Release|Any CPU
		{084FF857-8A38-4BF3-82E4-309F5B9B27EE}.Release|x64.Build.0 = Release|Any CPU
		{084FF857-8A38-4BF3-82E4-309F5B9B27EE}.Release|x86.ActiveCfg = Release|Any CPU
		{084FF857-8A38-4BF3-82E4-309F5B9B27EE}.Release|x86.Build.0 = Release|Any CPU
		{6DFD1659-ACA8-4BB6-AD24-F35E3DD13C23}.Debug|Any CPU.ActiveCfg = Debug|Any CPU
		{6DFD1659-ACA8-4BB6-AD24-F35E3DD13C23}.Debug|Any CPU.Build.0 = Debug|Any CPU
		{6DFD1659-ACA8-4BB6-AD24-F35E3DD13C23}.Debug|x64.ActiveCfg = Debug|Any CPU
		{6DFD1659-ACA8-4BB6-AD24-F35E3DD13C23}.Debug|x64.Build.0 = Debug|Any CPU
		{6DFD1659-ACA8-4BB6-AD24-F35E3DD13C23}.Debug|x86.ActiveCfg = Debug|Any CPU
		{6DFD1659-ACA8-4BB6-AD24-F35E3DD13C23}.Debug|x86.Build.0 = Debug|Any CPU
		{6DFD1659-ACA8-4BB6-AD24-F35E3DD13C23}.Release|Any CPU.ActiveCfg = Release|Any CPU
		{6DFD1659-ACA8-4BB6-AD24-F35E3DD13C23}.Release|Any CPU.Build.0 = Release|Any CPU
		{6DFD1659-ACA8-4BB6-AD24-F35E3DD13C23}.Release|x64.ActiveCfg = Release|Any CPU
		{6DFD1659-ACA8-4BB6-AD24-F35E3DD13C23}.Release|x64.Build.0 = Release|Any CPU
		{6DFD1659-ACA8-4BB6-AD24-F35E3DD13C23}.Release|x86.ActiveCfg = Release|Any CPU
		{6DFD1659-ACA8-4BB6-AD24-F35E3DD13C23}.Release|x86.Build.0 = Release|Any CPU
		{2C15524C-92E8-46D4-A4E8-AC06F44E8D5A}.Debug|Any CPU.ActiveCfg = Debug|Any CPU
		{2C15524C-92E8-46D4-A4E8-AC06F44E8D5A}.Debug|Any CPU.Build.0 = Debug|Any CPU
		{2C15524C-92E8-46D4-A4E8-AC06F44E8D5A}.Debug|x64.ActiveCfg = Debug|Any CPU
		{2C15524C-92E8-46D4-A4E8-AC06F44E8D5A}.Debug|x64.Build.0 = Debug|Any CPU
		{2C15524C-92E8-46D4-A4E8-AC06F44E8D5A}.Debug|x86.ActiveCfg = Debug|Any CPU
		{2C15524C-92E8-46D4-A4E8-AC06F44E8D5A}.Debug|x86.Build.0 = Debug|Any CPU
		{2C15524C-92E8-46D4-A4E8-AC06F44E8D5A}.Release|Any CPU.ActiveCfg = Release|Any CPU
		{2C15524C-92E8-46D4-A4E8-AC06F44E8D5A}.Release|Any CPU.Build.0 = Release|Any CPU
		{2C15524C-92E8-46D4-A4E8-AC06F44E8D5A}.Release|x64.ActiveCfg = Release|Any CPU
		{2C15524C-92E8-46D4-A4E8-AC06F44E8D5A}.Release|x64.Build.0 = Release|Any CPU
		{2C15524C-92E8-46D4-A4E8-AC06F44E8D5A}.Release|x86.ActiveCfg = Release|Any CPU
		{2C15524C-92E8-46D4-A4E8-AC06F44E8D5A}.Release|x86.Build.0 = Release|Any CPU
		{0356DBDF-8850-4CA8-B475-2405E758FD01}.Debug|Any CPU.ActiveCfg = Debug|Any CPU
		{0356DBDF-8850-4CA8-B475-2405E758FD01}.Debug|Any CPU.Build.0 = Debug|Any CPU
		{0356DBDF-8850-4CA8-B475-2405E758FD01}.Debug|x64.ActiveCfg = Debug|Any CPU
		{0356DBDF-8850-4CA8-B475-2405E758FD01}.Debug|x64.Build.0 = Debug|Any CPU
		{0356DBDF-8850-4CA8-B475-2405E758FD01}.Debug|x86.ActiveCfg = Debug|Any CPU
		{0356DBDF-8850-4CA8-B475-2405E758FD01}.Debug|x86.Build.0 = Debug|Any CPU
		{0356DBDF-8850-4CA8-B475-2405E758FD01}.Release|Any CPU.ActiveCfg = Release|Any CPU
		{0356DBDF-8850-4CA8-B475-2405E758FD01}.Release|Any CPU.Build.0 = Release|Any CPU
		{0356DBDF-8850-4CA8-B475-2405E758FD01}.Release|x64.ActiveCfg = Release|Any CPU
		{0356DBDF-8850-4CA8-B475-2405E758FD01}.Release|x64.Build.0 = Release|Any CPU
		{0356DBDF-8850-4CA8-B475-2405E758FD01}.Release|x86.ActiveCfg = Release|Any CPU
		{0356DBDF-8850-4CA8-B475-2405E758FD01}.Release|x86.Build.0 = Release|Any CPU
		{0533AAA4-862E-4839-A897-3CA8B189030A}.Debug|Any CPU.ActiveCfg = Debug|Any CPU
		{0533AAA4-862E-4839-A897-3CA8B189030A}.Debug|Any CPU.Build.0 = Debug|Any CPU
		{0533AAA4-862E-4839-A897-3CA8B189030A}.Debug|x64.ActiveCfg = Debug|Any CPU
		{0533AAA4-862E-4839-A897-3CA8B189030A}.Debug|x64.Build.0 = Debug|Any CPU
		{0533AAA4-862E-4839-A897-3CA8B189030A}.Debug|x86.ActiveCfg = Debug|Any CPU
		{0533AAA4-862E-4839-A897-3CA8B189030A}.Debug|x86.Build.0 = Debug|Any CPU
		{0533AAA4-862E-4839-A897-3CA8B189030A}.Release|Any CPU.ActiveCfg = Release|Any CPU
		{0533AAA4-862E-4839-A897-3CA8B189030A}.Release|Any CPU.Build.0 = Release|Any CPU
		{0533AAA4-862E-4839-A897-3CA8B189030A}.Release|x64.ActiveCfg = Release|Any CPU
		{0533AAA4-862E-4839-A897-3CA8B189030A}.Release|x64.Build.0 = Release|Any CPU
		{0533AAA4-862E-4839-A897-3CA8B189030A}.Release|x86.ActiveCfg = Release|Any CPU
		{0533AAA4-862E-4839-A897-3CA8B189030A}.Release|x86.Build.0 = Release|Any CPU
		{A6309D84-7AB1-4FBB-AAE1-98E4AAC3B698}.Debug|Any CPU.ActiveCfg = Debug|Any CPU
		{A6309D84-7AB1-4FBB-AAE1-98E4AAC3B698}.Debug|Any CPU.Build.0 = Debug|Any CPU
		{A6309D84-7AB1-4FBB-AAE1-98E4AAC3B698}.Debug|x64.ActiveCfg = Debug|Any CPU
		{A6309D84-7AB1-4FBB-AAE1-98E4AAC3B698}.Debug|x64.Build.0 = Debug|Any CPU
		{A6309D84-7AB1-4FBB-AAE1-98E4AAC3B698}.Debug|x86.ActiveCfg = Debug|Any CPU
		{A6309D84-7AB1-4FBB-AAE1-98E4AAC3B698}.Debug|x86.Build.0 = Debug|Any CPU
		{A6309D84-7AB1-4FBB-AAE1-98E4AAC3B698}.Release|Any CPU.ActiveCfg = Release|Any CPU
		{A6309D84-7AB1-4FBB-AAE1-98E4AAC3B698}.Release|Any CPU.Build.0 = Release|Any CPU
		{A6309D84-7AB1-4FBB-AAE1-98E4AAC3B698}.Release|x64.ActiveCfg = Release|Any CPU
		{A6309D84-7AB1-4FBB-AAE1-98E4AAC3B698}.Release|x64.Build.0 = Release|Any CPU
		{A6309D84-7AB1-4FBB-AAE1-98E4AAC3B698}.Release|x86.ActiveCfg = Release|Any CPU
		{A6309D84-7AB1-4FBB-AAE1-98E4AAC3B698}.Release|x86.Build.0 = Release|Any CPU
		{EB03893B-681A-4B8B-815A-1BD7F0FCF45F}.Debug|Any CPU.ActiveCfg = Debug|Any CPU
		{EB03893B-681A-4B8B-815A-1BD7F0FCF45F}.Debug|Any CPU.Build.0 = Debug|Any CPU
		{EB03893B-681A-4B8B-815A-1BD7F0FCF45F}.Debug|x64.ActiveCfg = Debug|Any CPU
		{EB03893B-681A-4B8B-815A-1BD7F0FCF45F}.Debug|x64.Build.0 = Debug|Any CPU
		{EB03893B-681A-4B8B-815A-1BD7F0FCF45F}.Debug|x86.ActiveCfg = Debug|Any CPU
		{EB03893B-681A-4B8B-815A-1BD7F0FCF45F}.Debug|x86.Build.0 = Debug|Any CPU
		{EB03893B-681A-4B8B-815A-1BD7F0FCF45F}.Release|Any CPU.ActiveCfg = Release|Any CPU
		{EB03893B-681A-4B8B-815A-1BD7F0FCF45F}.Release|Any CPU.Build.0 = Release|Any CPU
		{EB03893B-681A-4B8B-815A-1BD7F0FCF45F}.Release|x64.ActiveCfg = Release|Any CPU
		{EB03893B-681A-4B8B-815A-1BD7F0FCF45F}.Release|x64.Build.0 = Release|Any CPU
		{EB03893B-681A-4B8B-815A-1BD7F0FCF45F}.Release|x86.ActiveCfg = Release|Any CPU
		{EB03893B-681A-4B8B-815A-1BD7F0FCF45F}.Release|x86.Build.0 = Release|Any CPU
		{EEDF3B19-8F86-4F1B-A1BB-C5496D41BF41}.Debug|Any CPU.ActiveCfg = Debug|Any CPU
		{EEDF3B19-8F86-4F1B-A1BB-C5496D41BF41}.Debug|Any CPU.Build.0 = Debug|Any CPU
		{EEDF3B19-8F86-4F1B-A1BB-C5496D41BF41}.Debug|x64.ActiveCfg = Debug|Any CPU
		{EEDF3B19-8F86-4F1B-A1BB-C5496D41BF41}.Debug|x64.Build.0 = Debug|Any CPU
		{EEDF3B19-8F86-4F1B-A1BB-C5496D41BF41}.Debug|x86.ActiveCfg = Debug|Any CPU
		{EEDF3B19-8F86-4F1B-A1BB-C5496D41BF41}.Debug|x86.Build.0 = Debug|Any CPU
		{EEDF3B19-8F86-4F1B-A1BB-C5496D41BF41}.Release|Any CPU.ActiveCfg = Release|Any CPU
		{EEDF3B19-8F86-4F1B-A1BB-C5496D41BF41}.Release|Any CPU.Build.0 = Release|Any CPU
		{EEDF3B19-8F86-4F1B-A1BB-C5496D41BF41}.Release|x64.ActiveCfg = Release|Any CPU
		{EEDF3B19-8F86-4F1B-A1BB-C5496D41BF41}.Release|x64.Build.0 = Release|Any CPU
		{EEDF3B19-8F86-4F1B-A1BB-C5496D41BF41}.Release|x86.ActiveCfg = Release|Any CPU
		{EEDF3B19-8F86-4F1B-A1BB-C5496D41BF41}.Release|x86.Build.0 = Release|Any CPU
		{17BC537D-53D6-41CE-8F25-98C687CDC743}.Debug|Any CPU.ActiveCfg = Debug|Any CPU
		{17BC537D-53D6-41CE-8F25-98C687CDC743}.Debug|Any CPU.Build.0 = Debug|Any CPU
		{17BC537D-53D6-41CE-8F25-98C687CDC743}.Debug|x64.ActiveCfg = Debug|Any CPU
		{17BC537D-53D6-41CE-8F25-98C687CDC743}.Debug|x64.Build.0 = Debug|Any CPU
		{17BC537D-53D6-41CE-8F25-98C687CDC743}.Debug|x86.ActiveCfg = Debug|Any CPU
		{17BC537D-53D6-41CE-8F25-98C687CDC743}.Debug|x86.Build.0 = Debug|Any CPU
		{17BC537D-53D6-41CE-8F25-98C687CDC743}.Release|Any CPU.ActiveCfg = Release|Any CPU
		{17BC537D-53D6-41CE-8F25-98C687CDC743}.Release|Any CPU.Build.0 = Release|Any CPU
		{17BC537D-53D6-41CE-8F25-98C687CDC743}.Release|x64.ActiveCfg = Release|Any CPU
		{17BC537D-53D6-41CE-8F25-98C687CDC743}.Release|x64.Build.0 = Release|Any CPU
		{17BC537D-53D6-41CE-8F25-98C687CDC743}.Release|x86.ActiveCfg = Release|Any CPU
		{17BC537D-53D6-41CE-8F25-98C687CDC743}.Release|x86.Build.0 = Release|Any CPU
		{58F065EC-9050-4755-B14D-B2FEAD2F7426}.Debug|Any CPU.ActiveCfg = Debug|Any CPU
		{58F065EC-9050-4755-B14D-B2FEAD2F7426}.Debug|Any CPU.Build.0 = Debug|Any CPU
		{58F065EC-9050-4755-B14D-B2FEAD2F7426}.Debug|x64.ActiveCfg = Debug|Any CPU
		{58F065EC-9050-4755-B14D-B2FEAD2F7426}.Debug|x64.Build.0 = Debug|Any CPU
		{58F065EC-9050-4755-B14D-B2FEAD2F7426}.Debug|x86.ActiveCfg = Debug|Any CPU
		{58F065EC-9050-4755-B14D-B2FEAD2F7426}.Debug|x86.Build.0 = Debug|Any CPU
		{58F065EC-9050-4755-B14D-B2FEAD2F7426}.Release|Any CPU.ActiveCfg = Release|Any CPU
		{58F065EC-9050-4755-B14D-B2FEAD2F7426}.Release|Any CPU.Build.0 = Release|Any CPU
		{58F065EC-9050-4755-B14D-B2FEAD2F7426}.Release|x64.ActiveCfg = Release|Any CPU
		{58F065EC-9050-4755-B14D-B2FEAD2F7426}.Release|x64.Build.0 = Release|Any CPU
		{58F065EC-9050-4755-B14D-B2FEAD2F7426}.Release|x86.ActiveCfg = Release|Any CPU
		{58F065EC-9050-4755-B14D-B2FEAD2F7426}.Release|x86.Build.0 = Release|Any CPU
		{B53F521B-B477-4232-A496-CC1DFD2D48ED}.Debug|Any CPU.ActiveCfg = Debug|Any CPU
		{B53F521B-B477-4232-A496-CC1DFD2D48ED}.Debug|Any CPU.Build.0 = Debug|Any CPU
		{B53F521B-B477-4232-A496-CC1DFD2D48ED}.Debug|x64.ActiveCfg = Debug|Any CPU
		{B53F521B-B477-4232-A496-CC1DFD2D48ED}.Debug|x64.Build.0 = Debug|Any CPU
		{B53F521B-B477-4232-A496-CC1DFD2D48ED}.Debug|x86.ActiveCfg = Debug|Any CPU
		{B53F521B-B477-4232-A496-CC1DFD2D48ED}.Debug|x86.Build.0 = Debug|Any CPU
		{B53F521B-B477-4232-A496-CC1DFD2D48ED}.Release|Any CPU.ActiveCfg = Release|Any CPU
		{B53F521B-B477-4232-A496-CC1DFD2D48ED}.Release|Any CPU.Build.0 = Release|Any CPU
		{B53F521B-B477-4232-A496-CC1DFD2D48ED}.Release|x64.ActiveCfg = Release|Any CPU
		{B53F521B-B477-4232-A496-CC1DFD2D48ED}.Release|x64.Build.0 = Release|Any CPU
		{B53F521B-B477-4232-A496-CC1DFD2D48ED}.Release|x86.ActiveCfg = Release|Any CPU
		{B53F521B-B477-4232-A496-CC1DFD2D48ED}.Release|x86.Build.0 = Release|Any CPU
		{C97C13DA-AA31-4A14-8202-3A2281DEF861}.Debug|Any CPU.ActiveCfg = Debug|Any CPU
		{C97C13DA-AA31-4A14-8202-3A2281DEF861}.Debug|Any CPU.Build.0 = Debug|Any CPU
		{C97C13DA-AA31-4A14-8202-3A2281DEF861}.Debug|x64.ActiveCfg = Debug|Any CPU
		{C97C13DA-AA31-4A14-8202-3A2281DEF861}.Debug|x64.Build.0 = Debug|Any CPU
		{C97C13DA-AA31-4A14-8202-3A2281DEF861}.Debug|x86.ActiveCfg = Debug|Any CPU
		{C97C13DA-AA31-4A14-8202-3A2281DEF861}.Debug|x86.Build.0 = Debug|Any CPU
		{C97C13DA-AA31-4A14-8202-3A2281DEF861}.Release|Any CPU.ActiveCfg = Release|Any CPU
		{C97C13DA-AA31-4A14-8202-3A2281DEF861}.Release|Any CPU.Build.0 = Release|Any CPU
		{C97C13DA-AA31-4A14-8202-3A2281DEF861}.Release|x64.ActiveCfg = Release|Any CPU
		{C97C13DA-AA31-4A14-8202-3A2281DEF861}.Release|x64.Build.0 = Release|Any CPU
		{C97C13DA-AA31-4A14-8202-3A2281DEF861}.Release|x86.ActiveCfg = Release|Any CPU
		{C97C13DA-AA31-4A14-8202-3A2281DEF861}.Release|x86.Build.0 = Release|Any CPU
		{5754EF16-1760-4B68-9FD9-D226BDAC1B65}.Debug|Any CPU.ActiveCfg = Debug|Any CPU
		{5754EF16-1760-4B68-9FD9-D226BDAC1B65}.Debug|Any CPU.Build.0 = Debug|Any CPU
		{5754EF16-1760-4B68-9FD9-D226BDAC1B65}.Debug|x64.ActiveCfg = Debug|Any CPU
		{5754EF16-1760-4B68-9FD9-D226BDAC1B65}.Debug|x64.Build.0 = Debug|Any CPU
		{5754EF16-1760-4B68-9FD9-D226BDAC1B65}.Debug|x86.ActiveCfg = Debug|Any CPU
		{5754EF16-1760-4B68-9FD9-D226BDAC1B65}.Debug|x86.Build.0 = Debug|Any CPU
		{5754EF16-1760-4B68-9FD9-D226BDAC1B65}.Release|Any CPU.ActiveCfg = Release|Any CPU
		{5754EF16-1760-4B68-9FD9-D226BDAC1B65}.Release|Any CPU.Build.0 = Release|Any CPU
		{5754EF16-1760-4B68-9FD9-D226BDAC1B65}.Release|x64.ActiveCfg = Release|Any CPU
		{5754EF16-1760-4B68-9FD9-D226BDAC1B65}.Release|x64.Build.0 = Release|Any CPU
		{5754EF16-1760-4B68-9FD9-D226BDAC1B65}.Release|x86.ActiveCfg = Release|Any CPU
		{5754EF16-1760-4B68-9FD9-D226BDAC1B65}.Release|x86.Build.0 = Release|Any CPU
		{2618E6E4-5700-41BA-B2D8-C712549FD5BA}.Debug|Any CPU.ActiveCfg = Debug|Any CPU
		{2618E6E4-5700-41BA-B2D8-C712549FD5BA}.Debug|Any CPU.Build.0 = Debug|Any CPU
		{2618E6E4-5700-41BA-B2D8-C712549FD5BA}.Debug|x64.ActiveCfg = Debug|Any CPU
		{2618E6E4-5700-41BA-B2D8-C712549FD5BA}.Debug|x64.Build.0 = Debug|Any CPU
		{2618E6E4-5700-41BA-B2D8-C712549FD5BA}.Debug|x86.ActiveCfg = Debug|Any CPU
		{2618E6E4-5700-41BA-B2D8-C712549FD5BA}.Debug|x86.Build.0 = Debug|Any CPU
		{2618E6E4-5700-41BA-B2D8-C712549FD5BA}.Release|Any CPU.ActiveCfg = Release|Any CPU
		{2618E6E4-5700-41BA-B2D8-C712549FD5BA}.Release|Any CPU.Build.0 = Release|Any CPU
		{2618E6E4-5700-41BA-B2D8-C712549FD5BA}.Release|x64.ActiveCfg = Release|Any CPU
		{2618E6E4-5700-41BA-B2D8-C712549FD5BA}.Release|x64.Build.0 = Release|Any CPU
		{2618E6E4-5700-41BA-B2D8-C712549FD5BA}.Release|x86.ActiveCfg = Release|Any CPU
		{2618E6E4-5700-41BA-B2D8-C712549FD5BA}.Release|x86.Build.0 = Release|Any CPU
		{7A15C886-55D2-4D94-8E63-2B818D4AF945}.Debug|Any CPU.ActiveCfg = Debug|Any CPU
		{7A15C886-55D2-4D94-8E63-2B818D4AF945}.Debug|Any CPU.Build.0 = Debug|Any CPU
		{7A15C886-55D2-4D94-8E63-2B818D4AF945}.Debug|x64.ActiveCfg = Debug|Any CPU
		{7A15C886-55D2-4D94-8E63-2B818D4AF945}.Debug|x64.Build.0 = Debug|Any CPU
		{7A15C886-55D2-4D94-8E63-2B818D4AF945}.Debug|x86.ActiveCfg = Debug|Any CPU
		{7A15C886-55D2-4D94-8E63-2B818D4AF945}.Debug|x86.Build.0 = Debug|Any CPU
		{7A15C886-55D2-4D94-8E63-2B818D4AF945}.Release|Any CPU.ActiveCfg = Release|Any CPU
		{7A15C886-55D2-4D94-8E63-2B818D4AF945}.Release|Any CPU.Build.0 = Release|Any CPU
		{7A15C886-55D2-4D94-8E63-2B818D4AF945}.Release|x64.ActiveCfg = Release|Any CPU
		{7A15C886-55D2-4D94-8E63-2B818D4AF945}.Release|x64.Build.0 = Release|Any CPU
		{7A15C886-55D2-4D94-8E63-2B818D4AF945}.Release|x86.ActiveCfg = Release|Any CPU
		{7A15C886-55D2-4D94-8E63-2B818D4AF945}.Release|x86.Build.0 = Release|Any CPU
	EndGlobalSection
	GlobalSection(SolutionProperties) = preSolution
		HideSolutionNode = FALSE
	EndGlobalSection
	GlobalSection(NestedProjects) = preSolution
		{F59F1F1E-32ED-42A7-9544-B1B7FB02424C} = {827E0CD3-B72D-47B6-A68D-7590B98EB39B}
		{508AD5D7-54A0-4943-B7F4-2E68970F8EC8} = {827E0CD3-B72D-47B6-A68D-7590B98EB39B}
		{084FF857-8A38-4BF3-82E4-309F5B9B27EE} = {827E0CD3-B72D-47B6-A68D-7590B98EB39B}
		{6DFD1659-ACA8-4BB6-AD24-F35E3DD13C23} = {827E0CD3-B72D-47B6-A68D-7590B98EB39B}
		{2C15524C-92E8-46D4-A4E8-AC06F44E8D5A} = {827E0CD3-B72D-47B6-A68D-7590B98EB39B}
		{0356DBDF-8850-4CA8-B475-2405E758FD01} = {827E0CD3-B72D-47B6-A68D-7590B98EB39B}
		{0533AAA4-862E-4839-A897-3CA8B189030A} = {827E0CD3-B72D-47B6-A68D-7590B98EB39B}
		{A6309D84-7AB1-4FBB-AAE1-98E4AAC3B698} = {827E0CD3-B72D-47B6-A68D-7590B98EB39B}
		{EB03893B-681A-4B8B-815A-1BD7F0FCF45F} = {827E0CD3-B72D-47B6-A68D-7590B98EB39B}
		{EEDF3B19-8F86-4F1B-A1BB-C5496D41BF41} = {827E0CD3-B72D-47B6-A68D-7590B98EB39B}
		{17BC537D-53D6-41CE-8F25-98C687CDC743} = {0AB3BF05-4346-4AA6-1389-037BE0695223}
		{58F065EC-9050-4755-B14D-B2FEAD2F7426} = {0AB3BF05-4346-4AA6-1389-037BE0695223}
		{B53F521B-B477-4232-A496-CC1DFD2D48ED} = {827E0CD3-B72D-47B6-A68D-7590B98EB39B}
		{C97C13DA-AA31-4A14-8202-3A2281DEF861} = {827E0CD3-B72D-47B6-A68D-7590B98EB39B}
		{5754EF16-1760-4B68-9FD9-D226BDAC1B65} = {827E0CD3-B72D-47B6-A68D-7590B98EB39B}
		{2618E6E4-5700-41BA-B2D8-C712549FD5BA} = {827E0CD3-B72D-47B6-A68D-7590B98EB39B}
		{7A15C886-55D2-4D94-8E63-2B818D4AF945} = {827E0CD3-B72D-47B6-A68D-7590B98EB39B}
	EndGlobalSection
EndGlobal
